
Microsoft Visual Studio Solution File, Format Version 12.00
# Visual Studio Version 17
VisualStudioVersion = 17.14.36623.8
MinimumVisualStudioVersion = 10.0.40219.1
Project("{FAE04EC0-301F-11D3-BF4B-00C04F79EFBC}") = "VehicleAssembly", "VehicleAssembly\VehicleAssembly.csproj", "{729FC5E6-D657-47EB-89CF-B62D1294074C}"
EndProject
Project("{2150E333-8FDC-42A3-9474-1A3956D46DE8}") = "Tests", "Tests", "{02EA681E-C7D8-13C7-8484-4AC65E1B71E8}"
EndProject
Project("{FAE04EC0-301F-11D3-BF4B-00C04F79EFBC}") = "VehicleAssembly.Tests", "Tests\VehicleAssembly.Tests\VehicleAssembly.Tests.csproj", "{66F3F3CB-B766-44A5-8B16-CA5164FB2958}"
EndProject
Project("{FAE04EC0-301F-11D3-BF4B-00C04F79EFBC}") = "TireFittingShop", "TireFittingShop\TireFittingShop.csproj", "{9AE7CDA5-0687-4BA2-8200-CAF28D858135}"
EndProject
Project("{FAE04EC0-301F-11D3-BF4B-00C04F79EFBC}") = "TireFittingShop.Tests", "Tests\TireFittingShop.Tests\TireFittingShop.Tests.csproj", "{EF64693B-0E33-4EF0-BB3E-81E10E84C932}"
EndProject
Project("{FAE04EC0-301F-11D3-BF4B-00C04F79EFBC}") = "ConsoleApp", "ConsoleApp\ConsoleApp.csproj", "{943550E1-CA20-489B-8944-68428B468487}"
EndProject
Global
	GlobalSection(SolutionConfigurationPlatforms) = preSolution
		Debug|Any CPU = Debug|Any CPU
		Release|Any CPU = Release|Any CPU
	EndGlobalSection
	GlobalSection(ProjectConfigurationPlatforms) = postSolution
		{729FC5E6-D657-47EB-89CF-B62D1294074C}.Debug|Any CPU.ActiveCfg = Debug|Any CPU
		{729FC5E6-D657-47EB-89CF-B62D1294074C}.Debug|Any CPU.Build.0 = Debug|Any CPU
		{729FC5E6-D657-47EB-89CF-B62D1294074C}.Release|Any CPU.ActiveCfg = Release|Any CPU
		{729FC5E6-D657-47EB-89CF-B62D1294074C}.Release|Any CPU.Build.0 = Release|Any CPU
		{66F3F3CB-B766-44A5-8B16-CA5164FB2958}.Debug|Any CPU.ActiveCfg = Debug|Any CPU
		{66F3F3CB-B766-44A5-8B16-CA5164FB2958}.Debug|Any CPU.Build.0 = Debug|Any CPU
		{66F3F3CB-B766-44A5-8B16-CA5164FB2958}.Release|Any CPU.ActiveCfg = Release|Any CPU
		{66F3F3CB-B766-44A5-8B16-CA5164FB2958}.Release|Any CPU.Build.0 = Release|Any CPU
		{9AE7CDA5-0687-4BA2-8200-CAF28D858135}.Debug|Any CPU.ActiveCfg = Debug|Any CPU
		{9AE7CDA5-0687-4BA2-8200-CAF28D858135}.Debug|Any CPU.Build.0 = Debug|Any CPU
		{9AE7CDA5-0687-4BA2-8200-CAF28D858135}.Release|Any CPU.ActiveCfg = Release|Any CPU
		{9AE7CDA5-0687-4BA2-8200-CAF28D858135}.Release|Any CPU.Build.0 = Release|Any CPU
		{EF64693B-0E33-4EF0-BB3E-81E10E84C932}.Debug|Any CPU.ActiveCfg = Debug|Any CPU
		{EF64693B-0E33-4EF0-BB3E-81E10E84C932}.Debug|Any CPU.Build.0 = Debug|Any CPU
		{EF64693B-0E33-4EF0-BB3E-81E10E84C932}.Release|Any CPU.ActiveCfg = Release|Any CPU
		{EF64693B-0E33-4EF0-BB3E-81E10E84C932}.Release|Any CPU.Build.0 = Release|Any CPU
		{943550E1-CA20-489B-8944-68428B468487}.Debug|Any CPU.ActiveCfg = Debug|Any CPU
		{943550E1-CA20-489B-8944-68428B468487}.Debug|Any CPU.Build.0 = Debug|Any CPU
		{943550E1-CA20-489B-8944-68428B468487}.Release|Any CPU.ActiveCfg = Release|Any CPU
		{943550E1-CA20-489B-8944-68428B468487}.Release|Any CPU.Build.0 = Release|Any CPU
	EndGlobalSection
	GlobalSection(SolutionProperties) = preSolution
		HideSolutionNode = FALSE
	EndGlobalSection
	GlobalSection(NestedProjects) = preSolution
		{66F3F3CB-B766-44A5-8B16-CA5164FB2958} = {02EA681E-C7D8-13C7-8484-4AC65E1B71E8}
		{EF64693B-0E33-4EF0-BB3E-81E10E84C932} = {02EA681E-C7D8-13C7-8484-4AC65E1B71E8}
	EndGlobalSection
	GlobalSection(ExtensibilityGlobals) = postSolution
		SolutionGuid = {3B12D58B-AF90-4020-AE90-7CBAE007A464}
	EndGlobalSection
EndGlobal
